// !$*UTF8*$!
{
	archiveVersion = 1;
	classes = {
	};
	objectVersion = 46;
	objects = {

/* Begin PBXBuildFile section */
		042642FD1E389A7D00126773 /* AppDelegate.m in Sources */ = {isa = PBXBuildFile; fileRef = 042642D41E389A7D00126773 /* AppDelegate.m */; };
		042642FE1E389A7D00126773 /* LaunchScreen.storyboard in Resources */ = {isa = PBXBuildFile; fileRef = 042642D61E389A7D00126773 /* LaunchScreen.storyboard */; };
		042642FF1E389A7D00126773 /* Main.storyboard in Resources */ = {isa = PBXBuildFile; fileRef = 042642D81E389A7D00126773 /* Main.storyboard */; };
		042643001E389A7D00126773 /* ActivityCellHeaderViewModel.m in Sources */ = {isa = PBXBuildFile; fileRef = 042642DF1E389A7D00126773 /* ActivityCellHeaderViewModel.m */; };
		042643011E389A7D00126773 /* ActivityCellHeaderView.m in Sources */ = {isa = PBXBuildFile; fileRef = 042642E21E389A7D00126773 /* ActivityCellHeaderView.m */; };
		042643021E389A7D00126773 /* ActivityCellHeaderView.xib in Resources */ = {isa = PBXBuildFile; fileRef = 042642E31E389A7D00126773 /* ActivityCellHeaderView.xib */; };
		042643031E389A7D00126773 /* ViewController.m in Sources */ = {isa = PBXBuildFile; fileRef = 042642EB1E389A7D00126773 /* ViewController.m */; };
		042643041E389A7D00126773 /* User.m in Sources */ = {isa = PBXBuildFile; fileRef = 042642EF1E389A7D00126773 /* User.m */; };
		042643051E389A7D00126773 /* LoginViewModel.m in Sources */ = {isa = PBXBuildFile; fileRef = 042642F31E389A7D00126773 /* LoginViewModel.m */; };
		042643061E389A7D00126773 /* LoginViewController.m in Sources */ = {isa = PBXBuildFile; fileRef = 042642F61E389A7D00126773 /* LoginViewController.m */; };
		042643071E389A7D00126773 /* LoginViewController.xib in Resources */ = {isa = PBXBuildFile; fileRef = 042642F71E389A7D00126773 /* LoginViewController.xib */; };
		042643081E389A7D00126773 /* Assets.xcassets in Resources */ = {isa = PBXBuildFile; fileRef = 042642FB1E389A7D00126773 /* Assets.xcassets */; };
		049546901E2F1E1200374D2C /* main.m in Sources */ = {isa = PBXBuildFile; fileRef = 0495468F1E2F1E1200374D2C /* main.m */; };
		049546991E2F1E1200374D2C /* Main.storyboard in Resources */ = {isa = PBXBuildFile; fileRef = 049546971E2F1E1200374D2C /* Main.storyboard */; };
		0495469E1E2F1E1200374D2C /* LaunchScreen.storyboard in Resources */ = {isa = PBXBuildFile; fileRef = 0495469C1E2F1E1200374D2C /* LaunchScreen.storyboard */; };
		049546A91E2F1E1200374D2C /* RefactorDemoTests.m in Sources */ = {isa = PBXBuildFile; fileRef = 049546A81E2F1E1200374D2C /* RefactorDemoTests.m */; };
		049546B41E2F1E1200374D2C /* RefactorDemoUITests.m in Sources */ = {isa = PBXBuildFile; fileRef = 049546B31E2F1E1200374D2C /* RefactorDemoUITests.m */; };
		50B35B4B2802908F9F26E207 /* Pods_RefactorDemo.framework in Frameworks */ = {isa = PBXBuildFile; fileRef = E1F9D21A871D339393DB4B06 /* Pods_RefactorDemo.framework */; };
/* End PBXBuildFile section */

/* Begin PBXContainerItemProxy section */
		049546A51E2F1E1200374D2C /* PBXContainerItemProxy */ = {
			isa = PBXContainerItemProxy;
			containerPortal = 049546831E2F1E1200374D2C /* Project object */;
			proxyType = 1;
			remoteGlobalIDString = 0495468A1E2F1E1200374D2C;
			remoteInfo = RefactorDemo;
		};
		049546B01E2F1E1200374D2C /* PBXContainerItemProxy */ = {
			isa = PBXContainerItemProxy;
			containerPortal = 049546831E2F1E1200374D2C /* Project object */;
			proxyType = 1;
			remoteGlobalIDString = 0495468A1E2F1E1200374D2C;
			remoteInfo = RefactorDemo;
		};
/* End PBXContainerItemProxy section */

/* Begin PBXFileReference section */
		042642D31E389A7D00126773 /* AppDelegate.h */ = {isa = PBXFileReference; fileEncoding = 4; lastKnownFileType = sourcecode.c.h; path = AppDelegate.h; sourceTree = "<group>"; };
		042642D41E389A7D00126773 /* AppDelegate.m */ = {isa = PBXFileReference; fileEncoding = 4; lastKnownFileType = sourcecode.c.objc; path = AppDelegate.m; sourceTree = "<group>"; };
		042642D71E389A7D00126773 /* Base */ = {isa = PBXFileReference; lastKnownFileType = file.storyboard; name = Base; path = LaunchScreen.storyboard; sourceTree = "<group>"; };
		042642D91E389A7D00126773 /* Base */ = {isa = PBXFileReference; lastKnownFileType = file.storyboard; name = Base; path = Main.storyboard; sourceTree = "<group>"; };
		042642DE1E389A7D00126773 /* ActivityCellHeaderViewModel.h */ = {isa = PBXFileReference; fileEncoding = 4; lastKnownFileType = sourcecode.c.h; path = ActivityCellHeaderViewModel.h; sourceTree = "<group>"; };
		042642DF1E389A7D00126773 /* ActivityCellHeaderViewModel.m */ = {isa = PBXFileReference; fileEncoding = 4; lastKnownFileType = sourcecode.c.objc; path = ActivityCellHeaderViewModel.m; sourceTree = "<group>"; };
		042642E11E389A7D00126773 /* ActivityCellHeaderView.h */ = {isa = PBXFileReference; fileEncoding = 4; lastKnownFileType = sourcecode.c.h; path = ActivityCellHeaderView.h; sourceTree = "<group>"; };
		042642E21E389A7D00126773 /* ActivityCellHeaderView.m */ = {isa = PBXFileReference; fileEncoding = 4; lastKnownFileType = sourcecode.c.objc; path = ActivityCellHeaderView.m; sourceTree = "<group>"; };
		042642E31E389A7D00126773 /* ActivityCellHeaderView.xib */ = {isa = PBXFileReference; fileEncoding = 4; lastKnownFileType = file.xib; path = ActivityCellHeaderView.xib; sourceTree = "<group>"; };
		042642EA1E389A7D00126773 /* ViewController.h */ = {isa = PBXFileReference; fileEncoding = 4; lastKnownFileType = sourcecode.c.h; path = ViewController.h; sourceTree = "<group>"; };
		042642EB1E389A7D00126773 /* ViewController.m */ = {isa = PBXFileReference; fileEncoding = 4; lastKnownFileType = sourcecode.c.objc; path = ViewController.m; sourceTree = "<group>"; };
		042642EE1E389A7D00126773 /* User.h */ = {isa = PBXFileReference; fileEncoding = 4; lastKnownFileType = sourcecode.c.h; path = User.h; sourceTree = "<group>"; };
		042642EF1E389A7D00126773 /* User.m */ = {isa = PBXFileReference; fileEncoding = 4; lastKnownFileType = sourcecode.c.objc; path = User.m; sourceTree = "<group>"; };
		042642F21E389A7D00126773 /* LoginViewModel.h */ = {isa = PBXFileReference; fileEncoding = 4; lastKnownFileType = sourcecode.c.h; path = LoginViewModel.h; sourceTree = "<group>"; };
		042642F31E389A7D00126773 /* LoginViewModel.m */ = {isa = PBXFileReference; fileEncoding = 4; lastKnownFileType = sourcecode.c.objc; path = LoginViewModel.m; sourceTree = "<group>"; };
		042642F51E389A7D00126773 /* LoginViewController.h */ = {isa = PBXFileReference; fileEncoding = 4; lastKnownFileType = sourcecode.c.h; path = LoginViewController.h; sourceTree = "<group>"; };
		042642F61E389A7D00126773 /* LoginViewController.m */ = {isa = PBXFileReference; fileEncoding = 4; lastKnownFileType = sourcecode.c.objc; path = LoginViewController.m; sourceTree = "<group>"; };
		042642F71E389A7D00126773 /* LoginViewController.xib */ = {isa = PBXFileReference; fileEncoding = 4; lastKnownFileType = file.xib; path = LoginViewController.xib; sourceTree = "<group>"; };
		042642FB1E389A7D00126773 /* Assets.xcassets */ = {isa = PBXFileReference; lastKnownFileType = folder.assetcatalog; path = Assets.xcassets; sourceTree = "<group>"; };
		042643091E389B2100126773 /* AppMacro.h */ = {isa = PBXFileReference; fileEncoding = 4; lastKnownFileType = sourcecode.c.h; path = AppMacro.h; sourceTree = "<group>"; };
		0426430A1E389B5200126773 /* UtilsMacro.h */ = {isa = PBXFileReference; fileEncoding = 4; lastKnownFileType = sourcecode.c.h; path = UtilsMacro.h; sourceTree = "<group>"; };
		0426430B1E389B8200126773 /* VendorMacro.h */ = {isa = PBXFileReference; fileEncoding = 4; lastKnownFileType = sourcecode.c.h; path = VendorMacro.h; sourceTree = "<group>"; };
		0426430C1E389C5A00126773 /* PrefixHeader.pch */ = {isa = PBXFileReference; fileEncoding = 4; lastKnownFileType = sourcecode.c.h; path = PrefixHeader.pch; sourceTree = "<group>"; };
		0495468B1E2F1E1200374D2C /* RefactorDemo.app */ = {isa = PBXFileReference; explicitFileType = wrapper.application; includeInIndex = 0; path = RefactorDemo.app; sourceTree = BUILT_PRODUCTS_DIR; };
		0495468F1E2F1E1200374D2C /* main.m */ = {isa = PBXFileReference; lastKnownFileType = sourcecode.c.objc; path = main.m; sourceTree = "<group>"; };
		049546981E2F1E1200374D2C /* Base */ = {isa = PBXFileReference; lastKnownFileType = file.storyboard; name = Base; path = Base.lproj/Main.storyboard; sourceTree = "<group>"; };
		0495469D1E2F1E1200374D2C /* Base */ = {isa = PBXFileReference; lastKnownFileType = file.storyboard; name = Base; path = Base.lproj/LaunchScreen.storyboard; sourceTree = "<group>"; };
		0495469F1E2F1E1200374D2C /* Info.plist */ = {isa = PBXFileReference; lastKnownFileType = text.plist.xml; path = Info.plist; sourceTree = "<group>"; };
		049546A41E2F1E1200374D2C /* RefactorDemoTests.xctest */ = {isa = PBXFileReference; explicitFileType = wrapper.cfbundle; includeInIndex = 0; path = RefactorDemoTests.xctest; sourceTree = BUILT_PRODUCTS_DIR; };
		049546A81E2F1E1200374D2C /* RefactorDemoTests.m */ = {isa = PBXFileReference; lastKnownFileType = sourcecode.c.objc; path = RefactorDemoTests.m; sourceTree = "<group>"; };
		049546AA1E2F1E1200374D2C /* Info.plist */ = {isa = PBXFileReference; lastKnownFileType = text.plist.xml; path = Info.plist; sourceTree = "<group>"; };
		049546AF1E2F1E1200374D2C /* RefactorDemoUITests.xctest */ = {isa = PBXFileReference; explicitFileType = wrapper.cfbundle; includeInIndex = 0; path = RefactorDemoUITests.xctest; sourceTree = BUILT_PRODUCTS_DIR; };
		049546B31E2F1E1200374D2C /* RefactorDemoUITests.m */ = {isa = PBXFileReference; lastKnownFileType = sourcecode.c.objc; path = RefactorDemoUITests.m; sourceTree = "<group>"; };
		049546B51E2F1E1200374D2C /* Info.plist */ = {isa = PBXFileReference; lastKnownFileType = text.plist.xml; path = Info.plist; sourceTree = "<group>"; };
		5A30CCFD08F57AE0B33E59FA /* Pods-RefactorDemo.release.xcconfig */ = {isa = PBXFileReference; includeInIndex = 1; lastKnownFileType = text.xcconfig; name = "Pods-RefactorDemo.release.xcconfig"; path = "Pods/Target Support Files/Pods-RefactorDemo/Pods-RefactorDemo.release.xcconfig"; sourceTree = "<group>"; };
		8D66B41C15A5EA674217AD18 /* Pods-RefactorDemo.debug.xcconfig */ = {isa = PBXFileReference; includeInIndex = 1; lastKnownFileType = text.xcconfig; name = "Pods-RefactorDemo.debug.xcconfig"; path = "Pods/Target Support Files/Pods-RefactorDemo/Pods-RefactorDemo.debug.xcconfig"; sourceTree = "<group>"; };
		E1F9D21A871D339393DB4B06 /* Pods_RefactorDemo.framework */ = {isa = PBXFileReference; explicitFileType = wrapper.framework; includeInIndex = 0; path = Pods_RefactorDemo.framework; sourceTree = BUILT_PRODUCTS_DIR; };
/* End PBXFileReference section */

/* Begin PBXFrameworksBuildPhase section */
		049546881E2F1E1200374D2C /* Frameworks */ = {
			isa = PBXFrameworksBuildPhase;
			buildActionMask = 2147483647;
			files = (
				50B35B4B2802908F9F26E207 /* Pods_RefactorDemo.framework in Frameworks */,
			);
			runOnlyForDeploymentPostprocessing = 0;
		};
		049546A11E2F1E1200374D2C /* Frameworks */ = {
			isa = PBXFrameworksBuildPhase;
			buildActionMask = 2147483647;
			files = (
			);
			runOnlyForDeploymentPostprocessing = 0;
		};
		049546AC1E2F1E1200374D2C /* Frameworks */ = {
			isa = PBXFrameworksBuildPhase;
			buildActionMask = 2147483647;
			files = (
			);
			runOnlyForDeploymentPostprocessing = 0;
		};
/* End PBXFrameworksBuildPhase section */

/* Begin PBXGroup section */
		042642D21E389A7D00126773 /* AppDelegate */ = {
			isa = PBXGroup;
			children = (
				042642D31E389A7D00126773 /* AppDelegate.h */,
				042642D41E389A7D00126773 /* AppDelegate.m */,
			);
			path = AppDelegate;
			sourceTree = "<group>";
		};
		042642D51E389A7D00126773 /* Base.lproj */ = {
			isa = PBXGroup;
			children = (
				042642D61E389A7D00126773 /* LaunchScreen.storyboard */,
				042642D81E389A7D00126773 /* Main.storyboard */,
			);
			path = Base.lproj;
			sourceTree = "<group>";
		};
		042642DA1E389A7D00126773 /* General */ = {
			isa = PBXGroup;
			children = (
				042642DB1E389A7D00126773 /* BaseServices */,
				042642DC1E389A7D00126773 /* BaseViews */,
				042642E41E389A7D00126773 /* Discovery */,
				042642E51E389A7D00126773 /* HomePage */,
				042642EC1E389A7D00126773 /* Login */,
			);
			path = General;
			sourceTree = "<group>";
		};
		042642DB1E389A7D00126773 /* BaseServices */ = {
			isa = PBXGroup;
			children = (
			);
			path = BaseServices;
			sourceTree = "<group>";
		};
		042642DC1E389A7D00126773 /* BaseViews */ = {
			isa = PBXGroup;
			children = (
				042642DD1E389A7D00126773 /* ViewModels */,
				042642E01E389A7D00126773 /* Views */,
			);
			path = BaseViews;
			sourceTree = "<group>";
		};
		042642DD1E389A7D00126773 /* ViewModels */ = {
			isa = PBXGroup;
			children = (
				042642DE1E389A7D00126773 /* ActivityCellHeaderViewModel.h */,
				042642DF1E389A7D00126773 /* ActivityCellHeaderViewModel.m */,
			);
			path = ViewModels;
			sourceTree = "<group>";
		};
		042642E01E389A7D00126773 /* Views */ = {
			isa = PBXGroup;
			children = (
				042642E11E389A7D00126773 /* ActivityCellHeaderView.h */,
				042642E21E389A7D00126773 /* ActivityCellHeaderView.m */,
				042642E31E389A7D00126773 /* ActivityCellHeaderView.xib */,
			);
			path = Views;
			sourceTree = "<group>";
		};
		042642E41E389A7D00126773 /* Discovery */ = {
			isa = PBXGroup;
			children = (
			);
			path = Discovery;
			sourceTree = "<group>";
		};
		042642E51E389A7D00126773 /* HomePage */ = {
			isa = PBXGroup;
			children = (
				042642E61E389A7D00126773 /* Models */,
				042642E71E389A7D00126773 /* Services */,
				042642E81E389A7D00126773 /* ViewModels */,
				042642E91E389A7D00126773 /* Views&ViewControllers */,
			);
			path = HomePage;
			sourceTree = "<group>";
		};
		042642E61E389A7D00126773 /* Models */ = {
			isa = PBXGroup;
			children = (
			);
			path = Models;
			sourceTree = "<group>";
		};
		042642E71E389A7D00126773 /* Services */ = {
			isa = PBXGroup;
			children = (
			);
			path = Services;
			sourceTree = "<group>";
		};
		042642E81E389A7D00126773 /* ViewModels */ = {
			isa = PBXGroup;
			children = (
			);
			path = ViewModels;
			sourceTree = "<group>";
		};
		042642E91E389A7D00126773 /* Views&ViewControllers */ = {
			isa = PBXGroup;
			children = (
				042642EA1E389A7D00126773 /* ViewController.h */,
				042642EB1E389A7D00126773 /* ViewController.m */,
			);
			path = "Views&ViewControllers";
			sourceTree = "<group>";
		};
		042642EC1E389A7D00126773 /* Login */ = {
			isa = PBXGroup;
			children = (
				042642ED1E389A7D00126773 /* Models */,
				042642F01E389A7D00126773 /* Services */,
				042642F11E389A7D00126773 /* ViewModels */,
				042642F41E389A7D00126773 /* Views&ViewControllers */,
			);
			path = Login;
			sourceTree = "<group>";
		};
		042642ED1E389A7D00126773 /* Models */ = {
			isa = PBXGroup;
			children = (
				042642EE1E389A7D00126773 /* User.h */,
				042642EF1E389A7D00126773 /* User.m */,
			);
			path = Models;
			sourceTree = "<group>";
		};
		042642F01E389A7D00126773 /* Services */ = {
			isa = PBXGroup;
			children = (
			);
			path = Services;
			sourceTree = "<group>";
		};
		042642F11E389A7D00126773 /* ViewModels */ = {
			isa = PBXGroup;
			children = (
				042642F21E389A7D00126773 /* LoginViewModel.h */,
				042642F31E389A7D00126773 /* LoginViewModel.m */,
			);
			path = ViewModels;
			sourceTree = "<group>";
		};
		042642F41E389A7D00126773 /* Views&ViewControllers */ = {
			isa = PBXGroup;
			children = (
				042642F51E389A7D00126773 /* LoginViewController.h */,
				042642F61E389A7D00126773 /* LoginViewController.m */,
				042642F71E389A7D00126773 /* LoginViewController.xib */,
			);
			path = "Views&ViewControllers";
			sourceTree = "<group>";
		};
		042642F81E389A7D00126773 /* Helpers */ = {
			isa = PBXGroup;
			children = (
			);
			path = Helpers;
			sourceTree = "<group>";
		};
		042642F91E389A7D00126773 /* Macro */ = {
			isa = PBXGroup;
			children = (
				042643091E389B2100126773 /* AppMacro.h */,
				0426430A1E389B5200126773 /* UtilsMacro.h */,
				0426430B1E389B8200126773 /* VendorMacro.h */,
				0426430C1E389C5A00126773 /* PrefixHeader.pch */,
			);
			path = Macro;
			sourceTree = "<group>";
		};
		042642FA1E389A7D00126773 /* Resources */ = {
			isa = PBXGroup;
			children = (
				042642FB1E389A7D00126773 /* Assets.xcassets */,
			);
			path = Resources;
			sourceTree = "<group>";
		};
		042642FC1E389A7D00126773 /* Vendors */ = {
			isa = PBXGroup;
			children = (
			);
			path = Vendors;
			sourceTree = "<group>";
		};
		049546821E2F1E1200374D2C = {
			isa = PBXGroup;
			children = (
				0495468D1E2F1E1200374D2C /* RefactorDemo */,
				049546A71E2F1E1200374D2C /* RefactorDemoTests */,
				049546B21E2F1E1200374D2C /* RefactorDemoUITests */,
				0495468C1E2F1E1200374D2C /* Products */,
				2E5BBEAEDF9490732D57101D /* Pods */,
				BF9A05355010AF3E86CC36D4 /* Frameworks */,
			);
			sourceTree = "<group>";
		};
		0495468C1E2F1E1200374D2C /* Products */ = {
			isa = PBXGroup;
			children = (
				0495468B1E2F1E1200374D2C /* RefactorDemo.app */,
				049546A41E2F1E1200374D2C /* RefactorDemoTests.xctest */,
				049546AF1E2F1E1200374D2C /* RefactorDemoUITests.xctest */,
			);
			name = Products;
			sourceTree = "<group>";
		};
		0495468D1E2F1E1200374D2C /* RefactorDemo */ = {
			isa = PBXGroup;
			children = (
				042642D21E389A7D00126773 /* AppDelegate */,
				042642D51E389A7D00126773 /* Base.lproj */,
				042642DA1E389A7D00126773 /* General */,
				042642F81E389A7D00126773 /* Helpers */,
				042642F91E389A7D00126773 /* Macro */,
				042642FA1E389A7D00126773 /* Resources */,
				042642FC1E389A7D00126773 /* Vendors */,
				049546971E2F1E1200374D2C /* Main.storyboard */,
				0495469C1E2F1E1200374D2C /* LaunchScreen.storyboard */,
				0495469F1E2F1E1200374D2C /* Info.plist */,
				0495468E1E2F1E1200374D2C /* Supporting Files */,
			);
			path = RefactorDemo;
			sourceTree = "<group>";
		};
		0495468E1E2F1E1200374D2C /* Supporting Files */ = {
			isa = PBXGroup;
			children = (
				0495468F1E2F1E1200374D2C /* main.m */,
			);
			name = "Supporting Files";
			sourceTree = "<group>";
		};
		049546A71E2F1E1200374D2C /* RefactorDemoTests */ = {
			isa = PBXGroup;
			children = (
				049546A81E2F1E1200374D2C /* RefactorDemoTests.m */,
				049546AA1E2F1E1200374D2C /* Info.plist */,
			);
			path = RefactorDemoTests;
			sourceTree = "<group>";
		};
		049546B21E2F1E1200374D2C /* RefactorDemoUITests */ = {
			isa = PBXGroup;
			children = (
				049546B31E2F1E1200374D2C /* RefactorDemoUITests.m */,
				049546B51E2F1E1200374D2C /* Info.plist */,
			);
			path = RefactorDemoUITests;
			sourceTree = "<group>";
		};
		2E5BBEAEDF9490732D57101D /* Pods */ = {
			isa = PBXGroup;
			children = (
				8D66B41C15A5EA674217AD18 /* Pods-RefactorDemo.debug.xcconfig */,
				5A30CCFD08F57AE0B33E59FA /* Pods-RefactorDemo.release.xcconfig */,
			);
			name = Pods;
			sourceTree = "<group>";
		};
		BF9A05355010AF3E86CC36D4 /* Frameworks */ = {
			isa = PBXGroup;
			children = (
				E1F9D21A871D339393DB4B06 /* Pods_RefactorDemo.framework */,
			);
			name = Frameworks;
			sourceTree = "<group>";
		};
/* End PBXGroup section */

/* Begin PBXNativeTarget section */
		0495468A1E2F1E1200374D2C /* RefactorDemo */ = {
			isa = PBXNativeTarget;
			buildConfigurationList = 049546B81E2F1E1200374D2C /* Build configuration list for PBXNativeTarget "RefactorDemo" */;
			buildPhases = (
				2E58CE8C67C102F12813852C /* [CP] Check Pods Manifest.lock */,
				049546871E2F1E1200374D2C /* Sources */,
				049546881E2F1E1200374D2C /* Frameworks */,
				049546891E2F1E1200374D2C /* Resources */,
				C36698A0008780CB9097D82B /* [CP] Embed Pods Frameworks */,
				E9A2BF2998952D8B3633F4FA /* [CP] Copy Pods Resources */,
			);
			buildRules = (
			);
			dependencies = (
			);
			name = RefactorDemo;
			productName = RefactorDemo;
			productReference = 0495468B1E2F1E1200374D2C /* RefactorDemo.app */;
			productType = "com.apple.product-type.application";
		};
		049546A31E2F1E1200374D2C /* RefactorDemoTests */ = {
			isa = PBXNativeTarget;
			buildConfigurationList = 049546BB1E2F1E1200374D2C /* Build configuration list for PBXNativeTarget "RefactorDemoTests" */;
			buildPhases = (
				049546A01E2F1E1200374D2C /* Sources */,
				049546A11E2F1E1200374D2C /* Frameworks */,
				049546A21E2F1E1200374D2C /* Resources */,
			);
			buildRules = (
			);
			dependencies = (
				049546A61E2F1E1200374D2C /* PBXTargetDependency */,
			);
			name = RefactorDemoTests;
			productName = RefactorDemoTests;
			productReference = 049546A41E2F1E1200374D2C /* RefactorDemoTests.xctest */;
			productType = "com.apple.product-type.bundle.unit-test";
		};
		049546AE1E2F1E1200374D2C /* RefactorDemoUITests */ = {
			isa = PBXNativeTarget;
			buildConfigurationList = 049546BE1E2F1E1200374D2C /* Build configuration list for PBXNativeTarget "RefactorDemoUITests" */;
			buildPhases = (
				049546AB1E2F1E1200374D2C /* Sources */,
				049546AC1E2F1E1200374D2C /* Frameworks */,
				049546AD1E2F1E1200374D2C /* Resources */,
			);
			buildRules = (
			);
			dependencies = (
				049546B11E2F1E1200374D2C /* PBXTargetDependency */,
			);
			name = RefactorDemoUITests;
			productName = RefactorDemoUITests;
			productReference = 049546AF1E2F1E1200374D2C /* RefactorDemoUITests.xctest */;
			productType = "com.apple.product-type.bundle.ui-testing";
		};
/* End PBXNativeTarget section */

/* Begin PBXProject section */
		049546831E2F1E1200374D2C /* Project object */ = {
			isa = PBXProject;
			attributes = {
				LastUpgradeCheck = 0820;
				ORGANIZATIONNAME = DaSheng;
				TargetAttributes = {
					0495468A1E2F1E1200374D2C = {
						CreatedOnToolsVersion = 8.2.1;
						DevelopmentTeam = R3JE654BXQ;
						LastSwiftMigration = 0820;
						ProvisioningStyle = Automatic;
					};
					049546A31E2F1E1200374D2C = {
						CreatedOnToolsVersion = 8.2.1;
						DevelopmentTeam = R3JE654BXQ;
						ProvisioningStyle = Automatic;
						TestTargetID = 0495468A1E2F1E1200374D2C;
					};
					049546AE1E2F1E1200374D2C = {
						CreatedOnToolsVersion = 8.2.1;
						DevelopmentTeam = R3JE654BXQ;
						ProvisioningStyle = Automatic;
						TestTargetID = 0495468A1E2F1E1200374D2C;
					};
				};
			};
			buildConfigurationList = 049546861E2F1E1200374D2C /* Build configuration list for PBXProject "RefactorDemo" */;
			compatibilityVersion = "Xcode 3.2";
			developmentRegion = English;
			hasScannedForEncodings = 0;
			knownRegions = (
				en,
				Base,
			);
			mainGroup = 049546821E2F1E1200374D2C;
			productRefGroup = 0495468C1E2F1E1200374D2C /* Products */;
			projectDirPath = "";
			projectRoot = "";
			targets = (
				0495468A1E2F1E1200374D2C /* RefactorDemo */,
				049546A31E2F1E1200374D2C /* RefactorDemoTests */,
				049546AE1E2F1E1200374D2C /* RefactorDemoUITests */,
			);
		};
/* End PBXProject section */

/* Begin PBXResourcesBuildPhase section */
		049546891E2F1E1200374D2C /* Resources */ = {
			isa = PBXResourcesBuildPhase;
			buildActionMask = 2147483647;
			files = (
				042643021E389A7D00126773 /* ActivityCellHeaderView.xib in Resources */,
				042642FE1E389A7D00126773 /* LaunchScreen.storyboard in Resources */,
				042643071E389A7D00126773 /* LoginViewController.xib in Resources */,
				0495469E1E2F1E1200374D2C /* LaunchScreen.storyboard in Resources */,
				042643081E389A7D00126773 /* Assets.xcassets in Resources */,
				049546991E2F1E1200374D2C /* Main.storyboard in Resources */,
				042642FF1E389A7D00126773 /* Main.storyboard in Resources */,
			);
			runOnlyForDeploymentPostprocessing = 0;
		};
		049546A21E2F1E1200374D2C /* Resources */ = {
			isa = PBXResourcesBuildPhase;
			buildActionMask = 2147483647;
			files = (
			);
			runOnlyForDeploymentPostprocessing = 0;
		};
		049546AD1E2F1E1200374D2C /* Resources */ = {
			isa = PBXResourcesBuildPhase;
			buildActionMask = 2147483647;
			files = (
			);
			runOnlyForDeploymentPostprocessing = 0;
		};
/* End PBXResourcesBuildPhase section */

/* Begin PBXShellScriptBuildPhase section */
		2E58CE8C67C102F12813852C /* [CP] Check Pods Manifest.lock */ = {
			isa = PBXShellScriptBuildPhase;
			buildActionMask = 2147483647;
			files = (
			);
			inputPaths = (
			);
			name = "[CP] Check Pods Manifest.lock";
			outputPaths = (
			);
			runOnlyForDeploymentPostprocessing = 0;
			shellPath = /bin/sh;
			shellScript = "diff \"${PODS_ROOT}/../Podfile.lock\" \"${PODS_ROOT}/Manifest.lock\" > /dev/null\nif [ $? != 0 ] ; then\n    # print error to STDERR\n    echo \"error: The sandbox is not in sync with the Podfile.lock. Run 'pod install' or update your CocoaPods installation.\" >&2\n    exit 1\nfi\n";
			showEnvVarsInLog = 0;
		};
		C36698A0008780CB9097D82B /* [CP] Embed Pods Frameworks */ = {
			isa = PBXShellScriptBuildPhase;
			buildActionMask = 2147483647;
			files = (
			);
			inputPaths = (
			);
			name = "[CP] Embed Pods Frameworks";
			outputPaths = (
			);
			runOnlyForDeploymentPostprocessing = 0;
			shellPath = /bin/sh;
			shellScript = "\"${SRCROOT}/Pods/Target Support Files/Pods-RefactorDemo/Pods-RefactorDemo-frameworks.sh\"\n";
			showEnvVarsInLog = 0;
		};
		E9A2BF2998952D8B3633F4FA /* [CP] Copy Pods Resources */ = {
			isa = PBXShellScriptBuildPhase;
			buildActionMask = 2147483647;
			files = (
			);
			inputPaths = (
			);
			name = "[CP] Copy Pods Resources";
			outputPaths = (
			);
			runOnlyForDeploymentPostprocessing = 0;
			shellPath = /bin/sh;
			shellScript = "\"${SRCROOT}/Pods/Target Support Files/Pods-RefactorDemo/Pods-RefactorDemo-resources.sh\"\n";
			showEnvVarsInLog = 0;
		};
/* End PBXShellScriptBuildPhase section */

/* Begin PBXSourcesBuildPhase section */
		049546871E2F1E1200374D2C /* Sources */ = {
			isa = PBXSourcesBuildPhase;
			buildActionMask = 2147483647;
			files = (
				042643061E389A7D00126773 /* LoginViewController.m in Sources */,
				042643011E389A7D00126773 /* ActivityCellHeaderView.m in Sources */,
				042642FD1E389A7D00126773 /* AppDelegate.m in Sources */,
				042643041E389A7D00126773 /* User.m in Sources */,
				049546901E2F1E1200374D2C /* main.m in Sources */,
				042643051E389A7D00126773 /* LoginViewModel.m in Sources */,
				042643001E389A7D00126773 /* ActivityCellHeaderViewModel.m in Sources */,
				042643031E389A7D00126773 /* ViewController.m in Sources */,
			);
			runOnlyForDeploymentPostprocessing = 0;
		};
		049546A01E2F1E1200374D2C /* Sources */ = {
			isa = PBXSourcesBuildPhase;
			buildActionMask = 2147483647;
			files = (
				049546A91E2F1E1200374D2C /* RefactorDemoTests.m in Sources */,
			);
			runOnlyForDeploymentPostprocessing = 0;
		};
		049546AB1E2F1E1200374D2C /* Sources */ = {
			isa = PBXSourcesBuildPhase;
			buildActionMask = 2147483647;
			files = (
				049546B41E2F1E1200374D2C /* RefactorDemoUITests.m in Sources */,
			);
			runOnlyForDeploymentPostprocessing = 0;
		};
/* End PBXSourcesBuildPhase section */

/* Begin PBXTargetDependency section */
		049546A61E2F1E1200374D2C /* PBXTargetDependency */ = {
			isa = PBXTargetDependency;
			target = 0495468A1E2F1E1200374D2C /* RefactorDemo */;
			targetProxy = 049546A51E2F1E1200374D2C /* PBXContainerItemProxy */;
		};
		049546B11E2F1E1200374D2C /* PBXTargetDependency */ = {
			isa = PBXTargetDependency;
			target = 0495468A1E2F1E1200374D2C /* RefactorDemo */;
			targetProxy = 049546B01E2F1E1200374D2C /* PBXContainerItemProxy */;
		};
/* End PBXTargetDependency section */

/* Begin PBXVariantGroup section */
		042642D61E389A7D00126773 /* LaunchScreen.storyboard */ = {
			isa = PBXVariantGroup;
			children = (
				042642D71E389A7D00126773 /* Base */,
			);
			name = LaunchScreen.storyboard;
			sourceTree = "<group>";
		};
		042642D81E389A7D00126773 /* Main.storyboard */ = {
			isa = PBXVariantGroup;
			children = (
				042642D91E389A7D00126773 /* Base */,
			);
			name = Main.storyboard;
			sourceTree = "<group>";
		};
		049546971E2F1E1200374D2C /* Main.storyboard */ = {
			isa = PBXVariantGroup;
			children = (
				049546981E2F1E1200374D2C /* Base */,
			);
			name = Main.storyboard;
			sourceTree = "<group>";
		};
		0495469C1E2F1E1200374D2C /* LaunchScreen.storyboard */ = {
			isa = PBXVariantGroup;
			children = (
				0495469D1E2F1E1200374D2C /* Base */,
			);
			name = LaunchScreen.storyboard;
			sourceTree = "<group>";
		};
/* End PBXVariantGroup section */

/* Begin XCBuildConfiguration section */
		049546B61E2F1E1200374D2C /* Debug */ = {
			isa = XCBuildConfiguration;
			buildSettings = {
				ALWAYS_SEARCH_USER_PATHS = NO;
				CLANG_ANALYZER_NONNULL = YES;
				CLANG_CXX_LANGUAGE_STANDARD = "gnu++0x";
				CLANG_CXX_LIBRARY = "libc++";
				CLANG_ENABLE_MODULES = YES;
				CLANG_ENABLE_OBJC_ARC = YES;
				CLANG_WARN_BOOL_CONVERSION = YES;
				CLANG_WARN_CONSTANT_CONVERSION = YES;
				CLANG_WARN_DIRECT_OBJC_ISA_USAGE = YES_ERROR;
				CLANG_WARN_DOCUMENTATION_COMMENTS = YES;
				CLANG_WARN_EMPTY_BODY = YES;
				CLANG_WARN_ENUM_CONVERSION = YES;
				CLANG_WARN_INFINITE_RECURSION = YES;
				CLANG_WARN_INT_CONVERSION = YES;
				CLANG_WARN_OBJC_ROOT_CLASS = YES_ERROR;
				CLANG_WARN_SUSPICIOUS_MOVE = YES;
				CLANG_WARN_UNREACHABLE_CODE = YES;
				CLANG_WARN__DUPLICATE_METHOD_MATCH = YES;
				"CODE_SIGN_IDENTITY[sdk=iphoneos*]" = "iPhone Developer";
				COPY_PHASE_STRIP = NO;
				DEBUG_INFORMATION_FORMAT = dwarf;
				ENABLE_STRICT_OBJC_MSGSEND = YES;
				ENABLE_TESTABILITY = YES;
				GCC_C_LANGUAGE_STANDARD = gnu99;
				GCC_DYNAMIC_NO_PIC = NO;
				GCC_NO_COMMON_BLOCKS = YES;
				GCC_OPTIMIZATION_LEVEL = 0;
				GCC_PREPROCESSOR_DEFINITIONS = (
					"DEBUG=1",
					"$(inherited)",
				);
				GCC_WARN_64_TO_32_BIT_CONVERSION = YES;
				GCC_WARN_ABOUT_RETURN_TYPE = YES_ERROR;
				GCC_WARN_UNDECLARED_SELECTOR = YES;
				GCC_WARN_UNINITIALIZED_AUTOS = YES_AGGRESSIVE;
				GCC_WARN_UNUSED_FUNCTION = YES;
				GCC_WARN_UNUSED_VARIABLE = YES;
				IPHONEOS_DEPLOYMENT_TARGET = 10.2;
				MTL_ENABLE_DEBUG_INFO = YES;
				ONLY_ACTIVE_ARCH = YES;
				SDKROOT = iphoneos;
			};
			name = Debug;
		};
		049546B71E2F1E1200374D2C /* Release */ = {
			isa = XCBuildConfiguration;
			buildSettings = {
				ALWAYS_SEARCH_USER_PATHS = NO;
				CLANG_ANALYZER_NONNULL = YES;
				CLANG_CXX_LANGUAGE_STANDARD = "gnu++0x";
				CLANG_CXX_LIBRARY = "libc++";
				CLANG_ENABLE_MODULES = YES;
				CLANG_ENABLE_OBJC_ARC = YES;
				CLANG_WARN_BOOL_CONVERSION = YES;
				CLANG_WARN_CONSTANT_CONVERSION = YES;
				CLANG_WARN_DIRECT_OBJC_ISA_USAGE = YES_ERROR;
				CLANG_WARN_DOCUMENTATION_COMMENTS = YES;
				CLANG_WARN_EMPTY_BODY = YES;
				CLANG_WARN_ENUM_CONVERSION = YES;
				CLANG_WARN_INFINITE_RECURSION = YES;
				CLANG_WARN_INT_CONVERSION = YES;
				CLANG_WARN_OBJC_ROOT_CLASS = YES_ERROR;
				CLANG_WARN_SUSPICIOUS_MOVE = YES;
				CLANG_WARN_UNREACHABLE_CODE = YES;
				CLANG_WARN__DUPLICATE_METHOD_MATCH = YES;
				"CODE_SIGN_IDENTITY[sdk=iphoneos*]" = "iPhone Developer";
				COPY_PHASE_STRIP = NO;
				DEBUG_INFORMATION_FORMAT = "dwarf-with-dsym";
				ENABLE_NS_ASSERTIONS = NO;
				ENABLE_STRICT_OBJC_MSGSEND = YES;
				GCC_C_LANGUAGE_STANDARD = gnu99;
				GCC_NO_COMMON_BLOCKS = YES;
				GCC_WARN_64_TO_32_BIT_CONVERSION = YES;
				GCC_WARN_ABOUT_RETURN_TYPE = YES_ERROR;
				GCC_WARN_UNDECLARED_SELECTOR = YES;
				GCC_WARN_UNINITIALIZED_AUTOS = YES_AGGRESSIVE;
				GCC_WARN_UNUSED_FUNCTION = YES;
				GCC_WARN_UNUSED_VARIABLE = YES;
				IPHONEOS_DEPLOYMENT_TARGET = 10.2;
				MTL_ENABLE_DEBUG_INFO = NO;
				SDKROOT = iphoneos;
				VALIDATE_PRODUCT = YES;
			};
			name = Release;
		};
		049546B91E2F1E1200374D2C /* Debug */ = {
			isa = XCBuildConfiguration;
			baseConfigurationReference = 8D66B41C15A5EA674217AD18 /* Pods-RefactorDemo.debug.xcconfig */;
			buildSettings = {
				ASSETCATALOG_COMPILER_APPICON_NAME = AppIcon;
				DEVELOPMENT_TEAM = R3JE654BXQ;
				GCC_PREFIX_HEADER = "$(SRCROOT)/RefactorDemo/Macro/PrefixHeader.pch";
				INFOPLIST_FILE = RefactorDemo/Info.plist;
				IPHONEOS_DEPLOYMENT_TARGET = 8.0;
				LD_RUNPATH_SEARCH_PATHS = "$(inherited) @executable_path/Frameworks";
				PRODUCT_BUNDLE_IDENTIFIER = DaSheng.RefactorDemo;
				PRODUCT_NAME = "$(TARGET_NAME)";
				SWIFT_VERSION = 3.0;
			};
			name = Debug;
		};
		049546BA1E2F1E1200374D2C /* Release */ = {
			isa = XCBuildConfiguration;
			baseConfigurationReference = 5A30CCFD08F57AE0B33E59FA /* Pods-RefactorDemo.release.xcconfig */;
			buildSettings = {
				ASSETCATALOG_COMPILER_APPICON_NAME = AppIcon;
				DEVELOPMENT_TEAM = R3JE654BXQ;
				GCC_PREFIX_HEADER = "$(SRCROOT)/RefactorDemo/Macro/PrefixHeader.pch";
				INFOPLIST_FILE = RefactorDemo/Info.plist;
				IPHONEOS_DEPLOYMENT_TARGET = 8.0;
				LD_RUNPATH_SEARCH_PATHS = "$(inherited) @executable_path/Frameworks";
				PRODUCT_BUNDLE_IDENTIFIER = DaSheng.RefactorDemo;
				PRODUCT_NAME = "$(TARGET_NAME)";
				SWIFT_VERSION = 3.0;
			};
			name = Release;
		};
		049546BC1E2F1E1200374D2C /* Debug */ = {
			isa = XCBuildConfiguration;
			buildSettings = {
				BUNDLE_LOADER = "$(TEST_HOST)";
				DEVELOPMENT_TEAM = R3JE654BXQ;
				INFOPLIST_FILE = RefactorDemoTests/Info.plist;
				LD_RUNPATH_SEARCH_PATHS = "$(inherited) @executable_path/Frameworks @loader_path/Frameworks";
				PRODUCT_BUNDLE_IDENTIFIER = DaSheng.RefactorDemoTests;
				PRODUCT_NAME = "$(TARGET_NAME)";
				TEST_HOST = "$(BUILT_PRODUCTS_DIR)/RefactorDemo.app/RefactorDemo";
			};
			name = Debug;
		};
		049546BD1E2F1E1200374D2C /* Release */ = {
			isa = XCBuildConfiguration;
			buildSettings = {
				BUNDLE_LOADER = "$(TEST_HOST)";
				DEVELOPMENT_TEAM = R3JE654BXQ;
				INFOPLIST_FILE = RefactorDemoTests/Info.plist;
				LD_RUNPATH_SEARCH_PATHS = "$(inherited) @executable_path/Frameworks @loader_path/Frameworks";
				PRODUCT_BUNDLE_IDENTIFIER = DaSheng.RefactorDemoTests;
				PRODUCT_NAME = "$(TARGET_NAME)";
				TEST_HOST = "$(BUILT_PRODUCTS_DIR)/RefactorDemo.app/RefactorDemo";
			};
			name = Release;
		};
		049546BF1E2F1E1200374D2C /* Debug */ = {
			isa = XCBuildConfiguration;
			buildSettings = {
				DEVELOPMENT_TEAM = R3JE654BXQ;
				INFOPLIST_FILE = RefactorDemoUITests/Info.plist;
				LD_RUNPATH_SEARCH_PATHS = "$(inherited) @executable_path/Frameworks @loader_path/Frameworks";
				PRODUCT_BUNDLE_IDENTIFIER = DaSheng.RefactorDemoUITests;
				PRODUCT_NAME = "$(TARGET_NAME)";
				TEST_TARGET_NAME = RefactorDemo;
			};
			name = Debug;
		};
		049546C01E2F1E1200374D2C /* Release */ = {
			isa = XCBuildConfiguration;
			buildSettings = {
				DEVELOPMENT_TEAM = R3JE654BXQ;
				INFOPLIST_FILE = RefactorDemoUITests/Info.plist;
				LD_RUNPATH_SEARCH_PATHS = "$(inherited) @executable_path/Frameworks @loader_path/Frameworks";
				PRODUCT_BUNDLE_IDENTIFIER = DaSheng.RefactorDemoUITests;
				PRODUCT_NAME = "$(TARGET_NAME)";
				TEST_TARGET_NAME = RefactorDemo;
			};
			name = Release;
		};
/* End XCBuildConfiguration section */

/* Begin XCConfigurationList section */
		049546861E2F1E1200374D2C /* Build configuration list for PBXProject "RefactorDemo" */ = {
			isa = XCConfigurationList;
			buildConfigurations = (
				049546B61E2F1E1200374D2C /* Debug */,
				049546B71E2F1E1200374D2C /* Release */,
			);
			defaultConfigurationIsVisible = 0;
			defaultConfigurationName = Release;
		};
		049546B81E2F1E1200374D2C /* Build configuration list for PBXNativeTarget "RefactorDemo" */ = {
			isa = XCConfigurationList;
			buildConfigurations = (
				049546B91E2F1E1200374D2C /* Debug */,
				049546BA1E2F1E1200374D2C /* Release */,
			);
			defaultConfigurationIsVisible = 0;
			defaultConfigurationName = Release;
		};
		049546BB1E2F1E1200374D2C /* Build configuration list for PBXNativeTarget "RefactorDemoTests" */ = {
			isa = XCConfigurationList;
			buildConfigurations = (
				049546BC1E2F1E1200374D2C /* Debug */,
				049546BD1E2F1E1200374D2C /* Release */,
			);
			defaultConfigurationIsVisible = 0;
			defaultConfigurationName = Release;
		};
		049546BE1E2F1E1200374D2C /* Build configuration list for PBXNativeTarget "RefactorDemoUITests" */ = {
			isa = XCConfigurationList;
			buildConfigurations = (
				049546BF1E2F1E1200374D2C /* Debug */,
				049546C01E2F1E1200374D2C /* Release */,
			);
			defaultConfigurationIsVisible = 0;
			defaultConfigurationName = Release;
		};
/* End XCConfigurationList section */
	};
	rootObject = 049546831E2F1E1200374D2C /* Project object */;
}
